{
  "requires": true,
  "lockfileVersion": 1,
  "dependencies": {
    "@babel/helper-plugin-utils": {
      "version": "7.14.5",
      "resolved": "https://registry.npmjs.org/@babel/helper-plugin-utils/-/helper-plugin-utils-7.14.5.tgz",
      "integrity": "sha512-/37qQCE3K0vvZKwoK4XU/irIJQdIfCJuhU5eKnNxpFDsOkgFaUAwbv+RYw6eYgsC0E4hS7r5KqGULUogqui0fQ=="
    },
    "@babel/plugin-transform-react-display-name": {
      "version": "7.15.1",
      "resolved": "https://registry.npmjs.org/@babel/plugin-transform-react-display-name/-/plugin-transform-react-display-name-7.15.1.tgz",
      "integrity": "sha512-yQZ/i/pUCJAHI/LbtZr413S3VT26qNrEm0M5RRxQJA947/YNYwbZbBaXGDrq6CG5QsZycI1VIP6d7pQaBfP+8Q==",
      "requires": {
        "@babel/helper-plugin-utils": "^7.14.5"
      }
    }
  }
}
